
Microsoft Visual Studio Solution File, Format Version 12.00
# Visual Studio 15
VisualStudioVersion = 15.0.28010.2003
MinimumVisualStudioVersion = 10.0.40219.1
Project("{FAE04EC0-301F-11D3-BF4B-00C04F79EFBC}") = "FingerprintAuthentication.Tests", "FingerprintAuthentication.Tests\FingerprintAuthentication.Tests.csproj", "{F29CCD93-41E7-4B23-B88A-35FA834F322E}"
EndProject
Project("{FAE04EC0-301F-11D3-BF4B-00C04F79EFBC}") = "FingerprintAuthentication.WindowsForms", "FingerprintAuthentication.WindowsForms\FingerprintAuthentication.WindowsForms.csproj", "{DDD56C9C-DA3E-4CC3-B500-44538950352A}"
EndProject
Project("{FAE04EC0-301F-11D3-BF4B-00C04F79EFBC}") = "FingerprintAuthentication.Console", "FingerprintAuthentication.Console\FingerprintAuthentication.Console.csproj", "{13B7037B-FA23-4DEA-9E76-B851E460FA8D}"
EndProject
Project("{FAE04EC0-301F-11D3-BF4B-00C04F79EFBC}") = "FingerprintAuthentication.Infrastructure", "FingerprintAuthentication.Infrastructure\FingerprintAuthentication.Infrastructure.csproj", "{FC11441B-FF69-455A-B049-4CAF895F5E96}"
EndProject
Project("{FAE04EC0-301F-11D3-BF4B-00C04F79EFBC}") = "FingerprintAuthentication.Commons", "FingerprintAuthentication.Commons\FingerprintAuthentication.Commons.csproj", "{D90A5C72-D4FB-4446-ADCE-A79DB9C035D7}"
EndProject
Project("{FAE04EC0-301F-11D3-BF4B-00C04F79EFBC}") = "FingerprintAuthentication.Domain", "FingerprintAuthentication.Domain\FingerprintAuthentication.Domain.csproj", "{DCFED3A3-AA6F-4D44-9E6E-82311E5B2494}"
EndProject
Global
	GlobalSection(SolutionConfigurationPlatforms) = preSolution
		Debug|Any CPU = Debug|Any CPU
		Release|Any CPU = Release|Any CPU
	EndGlobalSection
	GlobalSection(ProjectConfigurationPlatforms) = postSolution
		{F29CCD93-41E7-4B23-B88A-35FA834F322E}.Debug|Any CPU.ActiveCfg = Debug|Any CPU
		{F29CCD93-41E7-4B23-B88A-35FA834F322E}.Debug|Any CPU.Build.0 = Debug|Any CPU
		{F29CCD93-41E7-4B23-B88A-35FA834F322E}.Release|Any CPU.ActiveCfg = Release|Any CPU
		{F29CCD93-41E7-4B23-B88A-35FA834F322E}.Release|Any CPU.Build.0 = Release|Any CPU
		{DDD56C9C-DA3E-4CC3-B500-44538950352A}.Debug|Any CPU.ActiveCfg = Debug|Any CPU
		{DDD56C9C-DA3E-4CC3-B500-44538950352A}.Debug|Any CPU.Build.0 = Debug|Any CPU
		{DDD56C9C-DA3E-4CC3-B500-44538950352A}.Release|Any CPU.ActiveCfg = Release|Any CPU
		{DDD56C9C-DA3E-4CC3-B500-44538950352A}.Release|Any CPU.Build.0 = Release|Any CPU
		{13B7037B-FA23-4DEA-9E76-B851E460FA8D}.Debug|Any CPU.ActiveCfg = Debug|Any CPU
		{13B7037B-FA23-4DEA-9E76-B851E460FA8D}.Debug|Any CPU.Build.0 = Debug|Any CPU
		{13B7037B-FA23-4DEA-9E76-B851E460FA8D}.Release|Any CPU.ActiveCfg = Release|Any CPU
		{13B7037B-FA23-4DEA-9E76-B851E460FA8D}.Release|Any CPU.Build.0 = Release|Any CPU
		{FC11441B-FF69-455A-B049-4CAF895F5E96}.Debug|Any CPU.ActiveCfg = Debug|Any CPU
		{FC11441B-FF69-455A-B049-4CAF895F5E96}.Debug|Any CPU.Build.0 = Debug|Any CPU
		{FC11441B-FF69-455A-B049-4CAF895F5E96}.Release|Any CPU.ActiveCfg = Release|Any CPU
		{FC11441B-FF69-455A-B049-4CAF895F5E96}.Release|Any CPU.Build.0 = Release|Any CPU
		{D90A5C72-D4FB-4446-ADCE-A79DB9C035D7}.Debug|Any CPU.ActiveCfg = Debug|Any CPU
		{D90A5C72-D4FB-4446-ADCE-A79DB9C035D7}.Debug|Any CPU.Build.0 = Debug|Any CPU
		{D90A5C72-D4FB-4446-ADCE-A79DB9C035D7}.Release|Any CPU.ActiveCfg = Release|Any CPU
		{D90A5C72-D4FB-4446-ADCE-A79DB9C035D7}.Release|Any CPU.Build.0 = Release|Any CPU
		{DCFED3A3-AA6F-4D44-9E6E-82311E5B2494}.Debug|Any CPU.ActiveCfg = Debug|Any CPU
		{DCFED3A3-AA6F-4D44-9E6E-82311E5B2494}.Debug|Any CPU.Build.0 = Debug|Any CPU
		{DCFED3A3-AA6F-4D44-9E6E-82311E5B2494}.Release|Any CPU.ActiveCfg = Release|Any CPU
		{DCFED3A3-AA6F-4D44-9E6E-82311E5B2494}.Release|Any CPU.Build.0 = Release|Any CPU
	EndGlobalSection
	GlobalSection(SolutionProperties) = preSolution
		HideSolutionNode = FALSE
	EndGlobalSection
	GlobalSection(ExtensibilityGlobals) = postSolution
		SolutionGuid = {A76A7593-3FC6-46BD-AD3B-750DE66F1BDD}
	EndGlobalSection
EndGlobal
