
Microsoft Visual Studio Solution File, Format Version 12.00
# Visual Studio 15
VisualStudioVersion = 15.0.28010.2003
MinimumVisualStudioVersion = 10.0.40219.1
Project("{FAE04EC0-301F-11D3-BF4B-00C04F79EFBC}") = "FingerprintAuthentication.Domain", "FingerprintAuthentication.Domain\FingerprintAuthentication.Domain.csproj", "{48DD9587-BCD6-4AEA-B7DF-C429E64D421C}"
EndProject
Project("{FAE04EC0-301F-11D3-BF4B-00C04F79EFBC}") = "FingerprintAuthentication.Commons", "FingerprintAuthentication.Commons\FingerprintAuthentication.Commons.csproj", "{D4BCE3BC-631F-4BC4-A5E7-ABD741CAEA72}"
EndProject
Project("{FAE04EC0-301F-11D3-BF4B-00C04F79EFBC}") = "FingerprintAuthentication.Tests", "FingerprintAuthentication.Tests\FingerprintAuthentication.Tests.csproj", "{F29CCD93-41E7-4B23-B88A-35FA834F322E}"
EndProject
Global
	GlobalSection(SolutionConfigurationPlatforms) = preSolution
		Debug|Any CPU = Debug|Any CPU
		Release|Any CPU = Release|Any CPU
	EndGlobalSection
	GlobalSection(ProjectConfigurationPlatforms) = postSolution
		{48DD9587-BCD6-4AEA-B7DF-C429E64D421C}.Debug|Any CPU.ActiveCfg = Debug|Any CPU
		{48DD9587-BCD6-4AEA-B7DF-C429E64D421C}.Debug|Any CPU.Build.0 = Debug|Any CPU
		{48DD9587-BCD6-4AEA-B7DF-C429E64D421C}.Release|Any CPU.ActiveCfg = Release|Any CPU
		{48DD9587-BCD6-4AEA-B7DF-C429E64D421C}.Release|Any CPU.Build.0 = Release|Any CPU
		{D4BCE3BC-631F-4BC4-A5E7-ABD741CAEA72}.Debug|Any CPU.ActiveCfg = Debug|Any CPU
		{D4BCE3BC-631F-4BC4-A5E7-ABD741CAEA72}.Debug|Any CPU.Build.0 = Debug|Any CPU
		{D4BCE3BC-631F-4BC4-A5E7-ABD741CAEA72}.Release|Any CPU.ActiveCfg = Release|Any CPU
		{D4BCE3BC-631F-4BC4-A5E7-ABD741CAEA72}.Release|Any CPU.Build.0 = Release|Any CPU
		{F29CCD93-41E7-4B23-B88A-35FA834F322E}.Debug|Any CPU.ActiveCfg = Debug|Any CPU
		{F29CCD93-41E7-4B23-B88A-35FA834F322E}.Debug|Any CPU.Build.0 = Debug|Any CPU
		{F29CCD93-41E7-4B23-B88A-35FA834F322E}.Release|Any CPU.ActiveCfg = Release|Any CPU
		{F29CCD93-41E7-4B23-B88A-35FA834F322E}.Release|Any CPU.Build.0 = Release|Any CPU
	EndGlobalSection
	GlobalSection(SolutionProperties) = preSolution
		HideSolutionNode = FALSE
	EndGlobalSection
	GlobalSection(ExtensibilityGlobals) = postSolution
		SolutionGuid = {A76A7593-3FC6-46BD-AD3B-750DE66F1BDD}
	EndGlobalSection
EndGlobal
